
Microsoft Visual Studio Solution File, Format Version 12.00
# Visual Studio 15
VisualStudioVersion = 15.0.26430.13
MinimumVisualStudioVersion = 10.0.40219.1
Project("{FAE04EC0-301F-11D3-BF4B-00C04F79EFBC}") = "3.Features", "3.Features\3.Features.csproj", "{36BD92C8-F244-4DFC-BF0C-CAACEDA269AF}"
EndProject
Project("{FAE04EC0-301F-11D3-BF4B-00C04F79EFBC}") = "4.Queries", "4.Queries\4.Queries.csproj", "{2E5E669F-E8D8-4362-B551-DF07D1BAC036}"
EndProject
Project("{FAE04EC0-301F-11D3-BF4B-00C04F79EFBC}") = "5.FilterOrderingAndProjecting", "5.FilterOrderingAndProjecting\5.FilterOrderingAndProjecting.csproj", "{7D8AF8AA-FA9D-4783-8032-A39DECBC718A}"
EndProject
Global
	GlobalSection(SolutionConfigurationPlatforms) = preSolution
		Debug|Any CPU = Debug|Any CPU
		Release|Any CPU = Release|Any CPU
	EndGlobalSection
	GlobalSection(ProjectConfigurationPlatforms) = postSolution
		{36BD92C8-F244-4DFC-BF0C-CAACEDA269AF}.Debug|Any CPU.ActiveCfg = Debug|Any CPU
		{36BD92C8-F244-4DFC-BF0C-CAACEDA269AF}.Debug|Any CPU.Build.0 = Debug|Any CPU
		{36BD92C8-F244-4DFC-BF0C-CAACEDA269AF}.Release|Any CPU.ActiveCfg = Release|Any CPU
		{36BD92C8-F244-4DFC-BF0C-CAACEDA269AF}.Release|Any CPU.Build.0 = Release|Any CPU
		{2E5E669F-E8D8-4362-B551-DF07D1BAC036}.Debug|Any CPU.ActiveCfg = Debug|Any CPU
		{2E5E669F-E8D8-4362-B551-DF07D1BAC036}.Debug|Any CPU.Build.0 = Debug|Any CPU
		{2E5E669F-E8D8-4362-B551-DF07D1BAC036}.Release|Any CPU.ActiveCfg = Release|Any CPU
		{2E5E669F-E8D8-4362-B551-DF07D1BAC036}.Release|Any CPU.Build.0 = Release|Any CPU
		{7D8AF8AA-FA9D-4783-8032-A39DECBC718A}.Debug|Any CPU.ActiveCfg = Debug|Any CPU
		{7D8AF8AA-FA9D-4783-8032-A39DECBC718A}.Debug|Any CPU.Build.0 = Debug|Any CPU
		{7D8AF8AA-FA9D-4783-8032-A39DECBC718A}.Release|Any CPU.ActiveCfg = Release|Any CPU
		{7D8AF8AA-FA9D-4783-8032-A39DECBC718A}.Release|Any CPU.Build.0 = Release|Any CPU
	EndGlobalSection
	GlobalSection(SolutionProperties) = preSolution
		HideSolutionNode = FALSE
	EndGlobalSection
EndGlobal
